
Microsoft Visual Studio Solution File, Format Version 12.00
# Visual Studio Version 16
VisualStudioVersion = 16.0.30717.126
MinimumVisualStudioVersion = 10.0.40219.1
Project("{FAE04EC0-301F-11D3-BF4B-00C04F79EFBC}") = "Garden", "Garden\Garden.csproj", "{4C03FB7F-5CA7-448D-9313-1808010656F0}"
EndProject
Global
	GlobalSection(SolutionConfigurationPlatforms) = preSolution
		Debug|Any CPU = Debug|Any CPU
		Release|Any CPU = Release|Any CPU
	EndGlobalSection
	GlobalSection(ProjectConfigurationPlatforms) = postSolution
		{4C03FB7F-5CA7-448D-9313-1808010656F0}.Debug|Any CPU.ActiveCfg = Debug|Any CPU
		{4C03FB7F-5CA7-448D-9313-1808010656F0}.Debug|Any CPU.Build.0 = Debug|Any CPU
		{4C03FB7F-5CA7-448D-9313-1808010656F0}.Release|Any CPU.ActiveCfg = Release|Any CPU
		{4C03FB7F-5CA7-448D-9313-1808010656F0}.Release|Any CPU.Build.0 = Release|Any CPU
	EndGlobalSection
	GlobalSection(SolutionProperties) = preSolution
		HideSolutionNode = FALSE
	EndGlobalSection
	GlobalSection(ExtensibilityGlobals) = postSolution
		SolutionGuid = {81F26929-401A-401F-9646-B4A37E16BF08}
	EndGlobalSection
EndGlobal
